// !$*UTF8*$!
{
	archiveVersion = 1;
	classes = {
	};
	objectVersion = 50;
	objects = {

/* Begin PBXBuildFile section */
		F85F9E67268BD3F300A401F3 /* AppDelegate.swift in Sources */ = {isa = PBXBuildFile; fileRef = F85F9E66268BD3F300A401F3 /* AppDelegate.swift */; };
		F85F9E69268BD3F300A401F3 /* SceneDelegate.swift in Sources */ = {isa = PBXBuildFile; fileRef = F85F9E68268BD3F300A401F3 /* SceneDelegate.swift */; };
		F85F9E6C268BD3F300A401F3 /* FavoriteCalender.xcdatamodeld in Sources */ = {isa = PBXBuildFile; fileRef = F85F9E6A268BD3F300A401F3 /* FavoriteCalender.xcdatamodeld */; };
		F85F9E6E268BD3F300A401F3 /* ContentView.swift in Sources */ = {isa = PBXBuildFile; fileRef = F85F9E6D268BD3F300A401F3 /* ContentView.swift */; };
		F85F9E70268BD3F500A401F3 /* Assets.xcassets in Resources */ = {isa = PBXBuildFile; fileRef = F85F9E6F268BD3F500A401F3 /* Assets.xcassets */; };
		F85F9E73268BD3F500A401F3 /* Preview Assets.xcassets in Resources */ = {isa = PBXBuildFile; fileRef = F85F9E72268BD3F500A401F3 /* Preview Assets.xcassets */; };
		F85F9E76268BD3F500A401F3 /* LaunchScreen.storyboard in Resources */ = {isa = PBXBuildFile; fileRef = F85F9E74268BD3F500A401F3 /* LaunchScreen.storyboard */; };
		F85F9E81268BD3F500A401F3 /* FavoriteCalenderTests.swift in Sources */ = {isa = PBXBuildFile; fileRef = F85F9E80268BD3F500A401F3 /* FavoriteCalenderTests.swift */; };
		F85F9E8C268BD3F500A401F3 /* FavoriteCalenderUITests.swift in Sources */ = {isa = PBXBuildFile; fileRef = F85F9E8B268BD3F500A401F3 /* FavoriteCalenderUITests.swift */; };
/* End PBXBuildFile section */

/* Begin PBXContainerItemProxy section */
		F85F9E7D268BD3F500A401F3 /* PBXContainerItemProxy */ = {
			isa = PBXContainerItemProxy;
			containerPortal = F85F9E5B268BD3F300A401F3 /* Project object */;
			proxyType = 1;
			remoteGlobalIDString = F85F9E62268BD3F300A401F3;
			remoteInfo = FavoriteCalender;
		};
		F85F9E88268BD3F500A401F3 /* PBXContainerItemProxy */ = {
			isa = PBXContainerItemProxy;
			containerPortal = F85F9E5B268BD3F300A401F3 /* Project object */;
			proxyType = 1;
			remoteGlobalIDString = F85F9E62268BD3F300A401F3;
			remoteInfo = FavoriteCalender;
		};
/* End PBXContainerItemProxy section */

/* Begin PBXFileReference section */
		F85F9E63268BD3F300A401F3 /* FavoriteCalender.app */ = {isa = PBXFileReference; explicitFileType = wrapper.application; includeInIndex = 0; path = FavoriteCalender.app; sourceTree = BUILT_PRODUCTS_DIR; };
		F85F9E66268BD3F300A401F3 /* AppDelegate.swift */ = {isa = PBXFileReference; lastKnownFileType = sourcecode.swift; path = AppDelegate.swift; sourceTree = "<group>"; };
		F85F9E68268BD3F300A401F3 /* SceneDelegate.swift */ = {isa = PBXFileReference; lastKnownFileType = sourcecode.swift; path = SceneDelegate.swift; sourceTree = "<group>"; };
		F85F9E6B268BD3F300A401F3 /* FavoriteCalender.xcdatamodel */ = {isa = PBXFileReference; lastKnownFileType = wrapper.xcdatamodel; path = FavoriteCalender.xcdatamodel; sourceTree = "<group>"; };
		F85F9E6D268BD3F300A401F3 /* ContentView.swift */ = {isa = PBXFileReference; lastKnownFileType = sourcecode.swift; path = ContentView.swift; sourceTree = "<group>"; };
		F85F9E6F268BD3F500A401F3 /* Assets.xcassets */ = {isa = PBXFileReference; lastKnownFileType = folder.assetcatalog; path = Assets.xcassets; sourceTree = "<group>"; };
		F85F9E72268BD3F500A401F3 /* Preview Assets.xcassets */ = {isa = PBXFileReference; lastKnownFileType = folder.assetcatalog; path = "Preview Assets.xcassets"; sourceTree = "<group>"; };
		F85F9E75268BD3F500A401F3 /* Base */ = {isa = PBXFileReference; lastKnownFileType = file.storyboard; name = Base; path = Base.lproj/LaunchScreen.storyboard; sourceTree = "<group>"; };
		F85F9E77268BD3F500A401F3 /* Info.plist */ = {isa = PBXFileReference; lastKnownFileType = text.plist.xml; path = Info.plist; sourceTree = "<group>"; };
		F85F9E7C268BD3F500A401F3 /* FavoriteCalenderTests.xctest */ = {isa = PBXFileReference; explicitFileType = wrapper.cfbundle; includeInIndex = 0; path = FavoriteCalenderTests.xctest; sourceTree = BUILT_PRODUCTS_DIR; };
		F85F9E80268BD3F500A401F3 /* FavoriteCalenderTests.swift */ = {isa = PBXFileReference; lastKnownFileType = sourcecode.swift; path = FavoriteCalenderTests.swift; sourceTree = "<group>"; };
		F85F9E82268BD3F500A401F3 /* Info.plist */ = {isa = PBXFileReference; lastKnownFileType = text.plist.xml; path = Info.plist; sourceTree = "<group>"; };
		F85F9E87268BD3F500A401F3 /* FavoriteCalenderUITests.xctest */ = {isa = PBXFileReference; explicitFileType = wrapper.cfbundle; includeInIndex = 0; path = FavoriteCalenderUITests.xctest; sourceTree = BUILT_PRODUCTS_DIR; };
		F85F9E8B268BD3F500A401F3 /* FavoriteCalenderUITests.swift */ = {isa = PBXFileReference; lastKnownFileType = sourcecode.swift; path = FavoriteCalenderUITests.swift; sourceTree = "<group>"; };
		F85F9E8D268BD3F500A401F3 /* Info.plist */ = {isa = PBXFileReference; lastKnownFileType = text.plist.xml; path = Info.plist; sourceTree = "<group>"; };
/* End PBXFileReference section */

/* Begin PBXFrameworksBuildPhase section */
		F85F9E60268BD3F300A401F3 /* Frameworks */ = {
			isa = PBXFrameworksBuildPhase;
			buildActionMask = 2147483647;
			files = (
			);
			runOnlyForDeploymentPostprocessing = 0;
		};
		F85F9E79268BD3F500A401F3 /* Frameworks */ = {
			isa = PBXFrameworksBuildPhase;
			buildActionMask = 2147483647;
			files = (
			);
			runOnlyForDeploymentPostprocessing = 0;
		};
		F85F9E84268BD3F500A401F3 /* Frameworks */ = {
			isa = PBXFrameworksBuildPhase;
			buildActionMask = 2147483647;
			files = (
			);
			runOnlyForDeploymentPostprocessing = 0;
		};
/* End PBXFrameworksBuildPhase section */

/* Begin PBXGroup section */
		F85F9E5A268BD3F300A401F3 = {
			isa = PBXGroup;
			children = (
				F85F9E65268BD3F300A401F3 /* FavoriteCalender */,
				F85F9E7F268BD3F500A401F3 /* FavoriteCalenderTests */,
				F85F9E8A268BD3F500A401F3 /* FavoriteCalenderUITests */,
				F85F9E64268BD3F300A401F3 /* Products */,
			);
			sourceTree = "<group>";
		};
		F85F9E64268BD3F300A401F3 /* Products */ = {
			isa = PBXGroup;
			children = (
				F85F9E63268BD3F300A401F3 /* FavoriteCalender.app */,
				F85F9E7C268BD3F500A401F3 /* FavoriteCalenderTests.xctest */,
				F85F9E87268BD3F500A401F3 /* FavoriteCalenderUITests.xctest */,
			);
			name = Products;
			sourceTree = "<group>";
		};
		F85F9E65268BD3F300A401F3 /* FavoriteCalender */ = {
			isa = PBXGroup;
			children = (
				F85F9E66268BD3F300A401F3 /* AppDelegate.swift */,
				F85F9E68268BD3F300A401F3 /* SceneDelegate.swift */,
				F85F9E6D268BD3F300A401F3 /* ContentView.swift */,
				F85F9E6F268BD3F500A401F3 /* Assets.xcassets */,
				F85F9E74268BD3F500A401F3 /* LaunchScreen.storyboard */,
				F85F9E77268BD3F500A401F3 /* Info.plist */,
				F85F9E6A268BD3F300A401F3 /* FavoriteCalender.xcdatamodeld */,
				F85F9E71268BD3F500A401F3 /* Preview Content */,
			);
			path = FavoriteCalender;
			sourceTree = "<group>";
		};
		F85F9E71268BD3F500A401F3 /* Preview Content */ = {
			isa = PBXGroup;
			children = (
				F85F9E72268BD3F500A401F3 /* Preview Assets.xcassets */,
			);
			path = "Preview Content";
			sourceTree = "<group>";
		};
		F85F9E7F268BD3F500A401F3 /* FavoriteCalenderTests */ = {
			isa = PBXGroup;
			children = (
				F85F9E80268BD3F500A401F3 /* FavoriteCalenderTests.swift */,
				F85F9E82268BD3F500A401F3 /* Info.plist */,
			);
			path = FavoriteCalenderTests;
			sourceTree = "<group>";
		};
		F85F9E8A268BD3F500A401F3 /* FavoriteCalenderUITests */ = {
			isa = PBXGroup;
			children = (
				F85F9E8B268BD3F500A401F3 /* FavoriteCalenderUITests.swift */,
				F85F9E8D268BD3F500A401F3 /* Info.plist */,
			);
			path = FavoriteCalenderUITests;
			sourceTree = "<group>";
		};
/* End PBXGroup section */

/* Begin PBXNativeTarget section */
		F85F9E62268BD3F300A401F3 /* FavoriteCalender */ = {
			isa = PBXNativeTarget;
			buildConfigurationList = F85F9E90268BD3F500A401F3 /* Build configuration list for PBXNativeTarget "FavoriteCalender" */;
			buildPhases = (
				F85F9E5F268BD3F300A401F3 /* Sources */,
				F85F9E60268BD3F300A401F3 /* Frameworks */,
				F85F9E61268BD3F300A401F3 /* Resources */,
			);
			buildRules = (
			);
			dependencies = (
			);
			name = FavoriteCalender;
			productName = FavoriteCalender;
			productReference = F85F9E63268BD3F300A401F3 /* FavoriteCalender.app */;
			productType = "com.apple.product-type.application";
		};
		F85F9E7B268BD3F500A401F3 /* FavoriteCalenderTests */ = {
			isa = PBXNativeTarget;
			buildConfigurationList = F85F9E93268BD3F500A401F3 /* Build configuration list for PBXNativeTarget "FavoriteCalenderTests" */;
			buildPhases = (
				F85F9E78268BD3F500A401F3 /* Sources */,
				F85F9E79268BD3F500A401F3 /* Frameworks */,
				F85F9E7A268BD3F500A401F3 /* Resources */,
			);
			buildRules = (
			);
			dependencies = (
				F85F9E7E268BD3F500A401F3 /* PBXTargetDependency */,
			);
			name = FavoriteCalenderTests;
			productName = FavoriteCalenderTests;
			productReference = F85F9E7C268BD3F500A401F3 /* FavoriteCalenderTests.xctest */;
			productType = "com.apple.product-type.bundle.unit-test";
		};
		F85F9E86268BD3F500A401F3 /* FavoriteCalenderUITests */ = {
			isa = PBXNativeTarget;
			buildConfigurationList = F85F9E96268BD3F500A401F3 /* Build configuration list for PBXNativeTarget "FavoriteCalenderUITests" */;
			buildPhases = (
				F85F9E83268BD3F500A401F3 /* Sources */,
				F85F9E84268BD3F500A401F3 /* Frameworks */,
				F85F9E85268BD3F500A401F3 /* Resources */,
			);
			buildRules = (
			);
			dependencies = (
				F85F9E89268BD3F500A401F3 /* PBXTargetDependency */,
			);
			name = FavoriteCalenderUITests;
			productName = FavoriteCalenderUITests;
			productReference = F85F9E87268BD3F500A401F3 /* FavoriteCalenderUITests.xctest */;
			productType = "com.apple.product-type.bundle.ui-testing";
		};
/* End PBXNativeTarget section */

/* Begin PBXProject section */
		F85F9E5B268BD3F300A401F3 /* Project object */ = {
			isa = PBXProject;
			attributes = {
				LastSwiftUpdateCheck = 1170;
				LastUpgradeCheck = 1170;
				ORGANIZATIONNAME = "平島峻成";
				TargetAttributes = {
					F85F9E62268BD3F300A401F3 = {
						CreatedOnToolsVersion = 11.7;
					};
					F85F9E7B268BD3F500A401F3 = {
						CreatedOnToolsVersion = 11.7;
						TestTargetID = F85F9E62268BD3F300A401F3;
					};
					F85F9E86268BD3F500A401F3 = {
						CreatedOnToolsVersion = 11.7;
						TestTargetID = F85F9E62268BD3F300A401F3;
					};
				};
			};
			buildConfigurationList = F85F9E5E268BD3F300A401F3 /* Build configuration list for PBXProject "FavoriteCalender" */;
			compatibilityVersion = "Xcode 9.3";
			developmentRegion = en;
			hasScannedForEncodings = 0;
			knownRegions = (
				en,
				Base,
			);
			mainGroup = F85F9E5A268BD3F300A401F3;
			productRefGroup = F85F9E64268BD3F300A401F3 /* Products */;
			projectDirPath = "";
			projectRoot = "";
			targets = (
				F85F9E62268BD3F300A401F3 /* FavoriteCalender */,
				F85F9E7B268BD3F500A401F3 /* FavoriteCalenderTests */,
				F85F9E86268BD3F500A401F3 /* FavoriteCalenderUITests */,
			);
		};
/* End PBXProject section */

/* Begin PBXResourcesBuildPhase section */
		F85F9E61268BD3F300A401F3 /* Resources */ = {
			isa = PBXResourcesBuildPhase;
			buildActionMask = 2147483647;
			files = (
				F85F9E76268BD3F500A401F3 /* LaunchScreen.storyboard in Resources */,
				F85F9E73268BD3F500A401F3 /* Preview Assets.xcassets in Resources */,
				F85F9E70268BD3F500A401F3 /* Assets.xcassets in Resources */,
			);
			runOnlyForDeploymentPostprocessing = 0;
		};
		F85F9E7A268BD3F500A401F3 /* Resources */ = {
			isa = PBXResourcesBuildPhase;
			buildActionMask = 2147483647;
			files = (
			);
			runOnlyForDeploymentPostprocessing = 0;
		};
		F85F9E85268BD3F500A401F3 /* Resources */ = {
			isa = PBXResourcesBuildPhase;
			buildActionMask = 2147483647;
			files = (
			);
			runOnlyForDeploymentPostprocessing = 0;
		};
/* End PBXResourcesBuildPhase section */

/* Begin PBXSourcesBuildPhase section */
		F85F9E5F268BD3F300A401F3 /* Sources */ = {
			isa = PBXSourcesBuildPhase;
			buildActionMask = 2147483647;
			files = (
				F85F9E67268BD3F300A401F3 /* AppDelegate.swift in Sources */,
				F85F9E6C268BD3F300A401F3 /* FavoriteCalender.xcdatamodeld in Sources */,
				F85F9E6E268BD3F300A401F3 /* ContentView.swift in Sources */,
				F85F9E69268BD3F300A401F3 /* SceneDelegate.swift in Sources */,
			);
			runOnlyForDeploymentPostprocessing = 0;
		};
		F85F9E78268BD3F500A401F3 /* Sources */ = {
			isa = PBXSourcesBuildPhase;
			buildActionMask = 2147483647;
			files = (
				F85F9E81268BD3F500A401F3 /* FavoriteCalenderTests.swift in Sources */,
			);
			runOnlyForDeploymentPostprocessing = 0;
		};
		F85F9E83268BD3F500A401F3 /* Sources */ = {
			isa = PBXSourcesBuildPhase;
			buildActionMask = 2147483647;
			files = (
				F85F9E8C268BD3F500A401F3 /* FavoriteCalenderUITests.swift in Sources */,
			);
			runOnlyForDeploymentPostprocessing = 0;
		};
/* End PBXSourcesBuildPhase section */

/* Begin PBXTargetDependency section */
		F85F9E7E268BD3F500A401F3 /* PBXTargetDependency */ = {
			isa = PBXTargetDependency;
			target = F85F9E62268BD3F300A401F3 /* FavoriteCalender */;
			targetProxy = F85F9E7D268BD3F500A401F3 /* PBXContainerItemProxy */;
		};
		F85F9E89268BD3F500A401F3 /* PBXTargetDependency */ = {
			isa = PBXTargetDependency;
			target = F85F9E62268BD3F300A401F3 /* FavoriteCalender */;
			targetProxy = F85F9E88268BD3F500A401F3 /* PBXContainerItemProxy */;
		};
/* End PBXTargetDependency section */

/* Begin PBXVariantGroup section */
		F85F9E74268BD3F500A401F3 /* LaunchScreen.storyboard */ = {
			isa = PBXVariantGroup;
			children = (
				F85F9E75268BD3F500A401F3 /* Base */,
			);
			name = LaunchScreen.storyboard;
			sourceTree = "<group>";
		};
/* End PBXVariantGroup section */

/* Begin XCBuildConfiguration section */
		F85F9E8E268BD3F500A401F3 /* Debug */ = {
			isa = XCBuildConfiguration;
			buildSettings = {
				ALWAYS_SEARCH_USER_PATHS = NO;
				CLANG_ANALYZER_NONNULL = YES;
				CLANG_ANALYZER_NUMBER_OBJECT_CONVERSION = YES_AGGRESSIVE;
				CLANG_CXX_LANGUAGE_STANDARD = "gnu++14";
				CLANG_CXX_LIBRARY = "libc++";
				CLANG_ENABLE_MODULES = YES;
				CLANG_ENABLE_OBJC_ARC = YES;
				CLANG_ENABLE_OBJC_WEAK = YES;
				CLANG_WARN_BLOCK_CAPTURE_AUTORELEASING = YES;
				CLANG_WARN_BOOL_CONVERSION = YES;
				CLANG_WARN_COMMA = YES;
				CLANG_WARN_CONSTANT_CONVERSION = YES;
				CLANG_WARN_DEPRECATED_OBJC_IMPLEMENTATIONS = YES;
				CLANG_WARN_DIRECT_OBJC_ISA_USAGE = YES_ERROR;
				CLANG_WARN_DOCUMENTATION_COMMENTS = YES;
				CLANG_WARN_EMPTY_BODY = YES;
				CLANG_WARN_ENUM_CONVERSION = YES;
				CLANG_WARN_INFINITE_RECURSION = YES;
				CLANG_WARN_INT_CONVERSION = YES;
				CLANG_WARN_NON_LITERAL_NULL_CONVERSION = YES;
				CLANG_WARN_OBJC_IMPLICIT_RETAIN_SELF = YES;
				CLANG_WARN_OBJC_LITERAL_CONVERSION = YES;
				CLANG_WARN_OBJC_ROOT_CLASS = YES_ERROR;
				CLANG_WARN_RANGE_LOOP_ANALYSIS = YES;
				CLANG_WARN_STRICT_PROTOTYPES = YES;
				CLANG_WARN_SUSPICIOUS_MOVE = YES;
				CLANG_WARN_UNGUARDED_AVAILABILITY = YES_AGGRESSIVE;
				CLANG_WARN_UNREACHABLE_CODE = YES;
				CLANG_WARN__DUPLICATE_METHOD_MATCH = YES;
				COPY_PHASE_STRIP = NO;
				DEBUG_INFORMATION_FORMAT = dwarf;
				ENABLE_STRICT_OBJC_MSGSEND = YES;
				ENABLE_TESTABILITY = YES;
				GCC_C_LANGUAGE_STANDARD = gnu11;
				GCC_DYNAMIC_NO_PIC = NO;
				GCC_NO_COMMON_BLOCKS = YES;
				GCC_OPTIMIZATION_LEVEL = 0;
				GCC_PREPROCESSOR_DEFINITIONS = (
					"DEBUG=1",
					"$(inherited)",
				);
				GCC_WARN_64_TO_32_BIT_CONVERSION = YES;
				GCC_WARN_ABOUT_RETURN_TYPE = YES_ERROR;
				GCC_WARN_UNDECLARED_SELECTOR = YES;
				GCC_WARN_UNINITIALIZED_AUTOS = YES_AGGRESSIVE;
				GCC_WARN_UNUSED_FUNCTION = YES;
				GCC_WARN_UNUSED_VARIABLE = YES;
				IPHONEOS_DEPLOYMENT_TARGET = 13.7;
				MTL_ENABLE_DEBUG_INFO = INCLUDE_SOURCE;
				MTL_FAST_MATH = YES;
				ONLY_ACTIVE_ARCH = YES;
				SDKROOT = iphoneos;
				SWIFT_ACTIVE_COMPILATION_CONDITIONS = DEBUG;
				SWIFT_OPTIMIZATION_LEVEL = "-Onone";
			};
			name = Debug;
		};
		F85F9E8F268BD3F500A401F3 /* Release */ = {
			isa = XCBuildConfiguration;
			buildSettings = {
				ALWAYS_SEARCH_USER_PATHS = NO;
				CLANG_ANALYZER_NONNULL = YES;
				CLANG_ANALYZER_NUMBER_OBJECT_CONVERSION = YES_AGGRESSIVE;
				CLANG_CXX_LANGUAGE_STANDARD = "gnu++14";
				CLANG_CXX_LIBRARY = "libc++";
				CLANG_ENABLE_MODULES = YES;
				CLANG_ENABLE_OBJC_ARC = YES;
				CLANG_ENABLE_OBJC_WEAK = YES;
				CLANG_WARN_BLOCK_CAPTURE_AUTORELEASING = YES;
				CLANG_WARN_BOOL_CONVERSION = YES;
				CLANG_WARN_COMMA = YES;
				CLANG_WARN_CONSTANT_CONVERSION = YES;
				CLANG_WARN_DEPRECATED_OBJC_IMPLEMENTATIONS = YES;
				CLANG_WARN_DIRECT_OBJC_ISA_USAGE = YES_ERROR;
				CLANG_WARN_DOCUMENTATION_COMMENTS = YES;
				CLANG_WARN_EMPTY_BODY = YES;
				CLANG_WARN_ENUM_CONVERSION = YES;
				CLANG_WARN_INFINITE_RECURSION = YES;
				CLANG_WARN_INT_CONVERSION = YES;
				CLANG_WARN_NON_LITERAL_NULL_CONVERSION = YES;
				CLANG_WARN_OBJC_IMPLICIT_RETAIN_SELF = YES;
				CLANG_WARN_OBJC_LITERAL_CONVERSION = YES;
				CLANG_WARN_OBJC_ROOT_CLASS = YES_ERROR;
				CLANG_WARN_RANGE_LOOP_ANALYSIS = YES;
				CLANG_WARN_STRICT_PROTOTYPES = YES;
				CLANG_WARN_SUSPICIOUS_MOVE = YES;
				CLANG_WARN_UNGUARDED_AVAILABILITY = YES_AGGRESSIVE;
				CLANG_WARN_UNREACHABLE_CODE = YES;
				CLANG_WARN__DUPLICATE_METHOD_MATCH = YES;
				COPY_PHASE_STRIP = NO;
				DEBUG_INFORMATION_FORMAT = "dwarf-with-dsym";
				ENABLE_NS_ASSERTIONS = NO;
				ENABLE_STRICT_OBJC_MSGSEND = YES;
				GCC_C_LANGUAGE_STANDARD = gnu11;
				GCC_NO_COMMON_BLOCKS = YES;
				GCC_WARN_64_TO_32_BIT_CONVERSION = YES;
				GCC_WARN_ABOUT_RETURN_TYPE = YES_ERROR;
				GCC_WARN_UNDECLARED_SELECTOR = YES;
				GCC_WARN_UNINITIALIZED_AUTOS = YES_AGGRESSIVE;
				GCC_WARN_UNUSED_FUNCTION = YES;
				GCC_WARN_UNUSED_VARIABLE = YES;
				IPHONEOS_DEPLOYMENT_TARGET = 13.7;
				MTL_ENABLE_DEBUG_INFO = NO;
				MTL_FAST_MATH = YES;
				SDKROOT = iphoneos;
				SWIFT_COMPILATION_MODE = wholemodule;
				SWIFT_OPTIMIZATION_LEVEL = "-O";
				VALIDATE_PRODUCT = YES;
			};
			name = Release;
		};
		F85F9E91268BD3F500A401F3 /* Debug */ = {
			isa = XCBuildConfiguration;
			buildSettings = {
				ASSETCATALOG_COMPILER_APPICON_NAME = AppIcon;
				CODE_SIGN_STYLE = Automatic;
				DEVELOPMENT_ASSET_PATHS = "\"FavoriteCalender/Preview Content\"";
				DEVELOPMENT_TEAM = 9LKU3428CZ;
				ENABLE_PREVIEWS = YES;
				INFOPLIST_FILE = FavoriteCalender/Info.plist;
				LD_RUNPATH_SEARCH_PATHS = (
					"$(inherited)",
					"@executable_path/Frameworks",
				);
				PRODUCT_BUNDLE_IDENTIFIER = hira.FavoriteCalender;
				PRODUCT_NAME = "$(TARGET_NAME)";
				SWIFT_VERSION = 5.0;
				TARGETED_DEVICE_FAMILY = "1,2";
			};
			name = Debug;
		};
		F85F9E92268BD3F500A401F3 /* Release */ = {
			isa = XCBuildConfiguration;
			buildSettings = {
				ASSETCATALOG_COMPILER_APPICON_NAME = AppIcon;
				CODE_SIGN_STYLE = Automatic;
				DEVELOPMENT_ASSET_PATHS = "\"FavoriteCalender/Preview Content\"";
				DEVELOPMENT_TEAM = 9LKU3428CZ;
				ENABLE_PREVIEWS = YES;
				INFOPLIST_FILE = FavoriteCalender/Info.plist;
				LD_RUNPATH_SEARCH_PATHS = (
					"$(inherited)",
					"@executable_path/Frameworks",
				);
				PRODUCT_BUNDLE_IDENTIFIER = hira.FavoriteCalender;
				PRODUCT_NAME = "$(TARGET_NAME)";
				SWIFT_VERSION = 5.0;
				TARGETED_DEVICE_FAMILY = "1,2";
			};
			name = Release;
		};
		F85F9E94268BD3F500A401F3 /* Debug */ = {
			isa = XCBuildConfiguration;
			buildSettings = {
				ALWAYS_EMBED_SWIFT_STANDARD_LIBRARIES = YES;
				BUNDLE_LOADER = "$(TEST_HOST)";
				CODE_SIGN_STYLE = Automatic;
				DEVELOPMENT_TEAM = 9LKU3428CZ;
				INFOPLIST_FILE = FavoriteCalenderTests/Info.plist;
				IPHONEOS_DEPLOYMENT_TARGET = 13.7;
				LD_RUNPATH_SEARCH_PATHS = (
					"$(inherited)",
					"@executable_path/Frameworks",
					"@loader_path/Frameworks",
				);
				PRODUCT_BUNDLE_IDENTIFIER = hira.FavoriteCalenderTests;
				PRODUCT_NAME = "$(TARGET_NAME)";
				SWIFT_VERSION = 5.0;
				TARGETED_DEVICE_FAMILY = "1,2";
				TEST_HOST = "$(BUILT_PRODUCTS_DIR)/FavoriteCalender.app/FavoriteCalender";
			};
			name = Debug;
		};
		F85F9E95268BD3F500A401F3 /* Release */ = {
			isa = XCBuildConfiguration;
			buildSettings = {
				ALWAYS_EMBED_SWIFT_STANDARD_LIBRARIES = YES;
				BUNDLE_LOADER = "$(TEST_HOST)";
				CODE_SIGN_STYLE = Automatic;
				DEVELOPMENT_TEAM = 9LKU3428CZ;
				INFOPLIST_FILE = FavoriteCalenderTests/Info.plist;
				IPHONEOS_DEPLOYMENT_TARGET = 13.7;
				LD_RUNPATH_SEARCH_PATHS = (
					"$(inherited)",
					"@executable_path/Frameworks",
					"@loader_path/Frameworks",
				);
				PRODUCT_BUNDLE_IDENTIFIER = hira.FavoriteCalenderTests;
				PRODUCT_NAME = "$(TARGET_NAME)";
				SWIFT_VERSION = 5.0;
				TARGETED_DEVICE_FAMILY = "1,2";
				TEST_HOST = "$(BUILT_PRODUCTS_DIR)/FavoriteCalender.app/FavoriteCalender";
			};
			name = Release;
		};
		F85F9E97268BD3F500A401F3 /* Debug */ = {
			isa = XCBuildConfiguration;
			buildSettings = {
				ALWAYS_EMBED_SWIFT_STANDARD_LIBRARIES = YES;
				CODE_SIGN_STYLE = Automatic;
				DEVELOPMENT_TEAM = 9LKU3428CZ;
				INFOPLIST_FILE = FavoriteCalenderUITests/Info.plist;
				LD_RUNPATH_SEARCH_PATHS = (
					"$(inherited)",
					"@executable_path/Frameworks",
					"@loader_path/Frameworks",
				);
				PRODUCT_BUNDLE_IDENTIFIER = hira.FavoriteCalenderUITests;
				PRODUCT_NAME = "$(TARGET_NAME)";
				SWIFT_VERSION = 5.0;
				TARGETED_DEVICE_FAMILY = "1,2";
				TEST_TARGET_NAME = FavoriteCalender;
			};
			name = Debug;
		};
		F85F9E98268BD3F500A401F3 /* Release */ = {
			isa = XCBuildConfiguration;
			buildSettings = {
				ALWAYS_EMBED_SWIFT_STANDARD_LIBRARIES = YES;
				CODE_SIGN_STYLE = Automatic;
				DEVELOPMENT_TEAM = 9LKU3428CZ;
				INFOPLIST_FILE = FavoriteCalenderUITests/Info.plist;
				LD_RUNPATH_SEARCH_PATHS = (
					"$(inherited)",
					"@executable_path/Frameworks",
					"@loader_path/Frameworks",
				);
				PRODUCT_BUNDLE_IDENTIFIER = hira.FavoriteCalenderUITests;
				PRODUCT_NAME = "$(TARGET_NAME)";
				SWIFT_VERSION = 5.0;
				TARGETED_DEVICE_FAMILY = "1,2";
				TEST_TARGET_NAME = FavoriteCalender;
			};
			name = Release;
		};
/* End XCBuildConfiguration section */

/* Begin XCConfigurationList section */
		F85F9E5E268BD3F300A401F3 /* Build configuration list for PBXProject "FavoriteCalender" */ = {
			isa = XCConfigurationList;
			buildConfigurations = (
				F85F9E8E268BD3F500A401F3 /* Debug */,
				F85F9E8F268BD3F500A401F3 /* Release */,
			);
			defaultConfigurationIsVisible = 0;
			defaultConfigurationName = Release;
		};
		F85F9E90268BD3F500A401F3 /* Build configuration list for PBXNativeTarget "FavoriteCalender" */ = {
			isa = XCConfigurationList;
			buildConfigurations = (
				F85F9E91268BD3F500A401F3 /* Debug */,
				F85F9E92268BD3F500A401F3 /* Release */,
			);
			defaultConfigurationIsVisible = 0;
			defaultConfigurationName = Release;
		};
		F85F9E93268BD3F500A401F3 /* Build configuration list for PBXNativeTarget "FavoriteCalenderTests" */ = {
			isa = XCConfigurationList;
			buildConfigurations = (
				F85F9E94268BD3F500A401F3 /* Debug */,
				F85F9E95268BD3F500A401F3 /* Release */,
			);
			defaultConfigurationIsVisible = 0;
			defaultConfigurationName = Release;
		};
		F85F9E96268BD3F500A401F3 /* Build configuration list for PBXNativeTarget "FavoriteCalenderUITests" */ = {
			isa = XCConfigurationList;
			buildConfigurations = (
				F85F9E97268BD3F500A401F3 /* Debug */,
				F85F9E98268BD3F500A401F3 /* Release */,
			);
			defaultConfigurationIsVisible = 0;
			defaultConfigurationName = Release;
		};
/* End XCConfigurationList section */

/* Begin XCVersionGroup section */
		F85F9E6A268BD3F300A401F3 /* FavoriteCalender.xcdatamodeld */ = {
			isa = XCVersionGroup;
			children = (
				F85F9E6B268BD3F300A401F3 /* FavoriteCalender.xcdatamodel */,
			);
			currentVersion = F85F9E6B268BD3F300A401F3 /* FavoriteCalender.xcdatamodel */;
			path = FavoriteCalender.xcdatamodeld;
			sourceTree = "<group>";
			versionGroupType = wrapper.xcdatamodel;
		};
/* End XCVersionGroup section */
	};
	rootObject = F85F9E5B268BD3F300A401F3 /* Project object */;
}
